
Microsoft Visual Studio Solution File, Format Version 12.00
# Visual Studio 15
VisualStudioVersion = 15.0.27703.2042
MinimumVisualStudioVersion = 10.0.40219.1
Project("{8BC9CEB8-8B4A-11D0-8D11-00A0C91BC942}") = "ToMauDoThi", "ToMauDoThi\ToMauDoThi.vcxproj", "{DB0593F4-34AF-4F18-A61E-C4B17A752C2B}"
EndProject
Project("{8BC9CEB8-8B4A-11D0-8D11-00A0C91BC942}") = "TimKiemTrenDoThi", "TimKiemTrenDoThi\TimKiemTrenDoThi.vcxproj", "{BC53F258-10C0-4C46-B684-D63B1538AA01}"
EndProject
Project("{8BC9CEB8-8B4A-11D0-8D11-00A0C91BC942}") = "Test", "Test\Test.vcxproj", "{4470B975-5D35-493B-BE48-A148538555EA}"
EndProject
Global
	GlobalSection(SolutionConfigurationPlatforms) = preSolution
		Debug|x64 = Debug|x64
		Debug|x86 = Debug|x86
		Release|x64 = Release|x64
		Release|x86 = Release|x86
	EndGlobalSection
	GlobalSection(ProjectConfigurationPlatforms) = postSolution
		{DB0593F4-34AF-4F18-A61E-C4B17A752C2B}.Debug|x64.ActiveCfg = Debug|x64
		{DB0593F4-34AF-4F18-A61E-C4B17A752C2B}.Debug|x64.Build.0 = Debug|x64
		{DB0593F4-34AF-4F18-A61E-C4B17A752C2B}.Debug|x86.ActiveCfg = Debug|Win32
		{DB0593F4-34AF-4F18-A61E-C4B17A752C2B}.Debug|x86.Build.0 = Debug|Win32
		{DB0593F4-34AF-4F18-A61E-C4B17A752C2B}.Release|x64.ActiveCfg = Release|x64
		{DB0593F4-34AF-4F18-A61E-C4B17A752C2B}.Release|x64.Build.0 = Release|x64
		{DB0593F4-34AF-4F18-A61E-C4B17A752C2B}.Release|x86.ActiveCfg = Release|Win32
		{DB0593F4-34AF-4F18-A61E-C4B17A752C2B}.Release|x86.Build.0 = Release|Win32
		{BC53F258-10C0-4C46-B684-D63B1538AA01}.Debug|x64.ActiveCfg = Debug|x64
		{BC53F258-10C0-4C46-B684-D63B1538AA01}.Debug|x64.Build.0 = Debug|x64
		{BC53F258-10C0-4C46-B684-D63B1538AA01}.Debug|x86.ActiveCfg = Debug|Win32
		{BC53F258-10C0-4C46-B684-D63B1538AA01}.Debug|x86.Build.0 = Debug|Win32
		{BC53F258-10C0-4C46-B684-D63B1538AA01}.Release|x64.ActiveCfg = Release|x64
		{BC53F258-10C0-4C46-B684-D63B1538AA01}.Release|x64.Build.0 = Release|x64
		{BC53F258-10C0-4C46-B684-D63B1538AA01}.Release|x86.ActiveCfg = Release|Win32
		{BC53F258-10C0-4C46-B684-D63B1538AA01}.Release|x86.Build.0 = Release|Win32
		{4470B975-5D35-493B-BE48-A148538555EA}.Debug|x64.ActiveCfg = Debug|x64
		{4470B975-5D35-493B-BE48-A148538555EA}.Debug|x64.Build.0 = Debug|x64
		{4470B975-5D35-493B-BE48-A148538555EA}.Debug|x86.ActiveCfg = Debug|Win32
		{4470B975-5D35-493B-BE48-A148538555EA}.Debug|x86.Build.0 = Debug|Win32
		{4470B975-5D35-493B-BE48-A148538555EA}.Release|x64.ActiveCfg = Release|x64
		{4470B975-5D35-493B-BE48-A148538555EA}.Release|x64.Build.0 = Release|x64
		{4470B975-5D35-493B-BE48-A148538555EA}.Release|x86.ActiveCfg = Release|Win32
		{4470B975-5D35-493B-BE48-A148538555EA}.Release|x86.Build.0 = Release|Win32
	EndGlobalSection
	GlobalSection(SolutionProperties) = preSolution
		HideSolutionNode = FALSE
	EndGlobalSection
	GlobalSection(ExtensibilityGlobals) = postSolution
		SolutionGuid = {E3340B8A-7490-43E0-8529-EEB5EC9F35CB}
	EndGlobalSection
EndGlobal
